
Microsoft Visual Studio Solution File, Format Version 12.00
# Visual Studio Version 16
VisualStudioVersion = 16.0.30804.86
MinimumVisualStudioVersion = 10.0.40219.1
Project("{FAE04EC0-301F-11D3-BF4B-00C04F79EFBC}") = "SportradarApiChallenge", "SportradarApiChallenge\SportradarApiChallenge.csproj", "{598F193E-5CFC-400C-ABAD-047CFE99420A}"
EndProject
Project("{FAE04EC0-301F-11D3-BF4B-00C04F79EFBC}") = "XUnit.SportradarApiChallenge", "XUnit.SportradarApiChallenge\XUnit.SportradarApiChallenge.csproj", "{7A30320F-0F80-4291-A427-83749D771BFD}"
EndProject
Global
	GlobalSection(SolutionConfigurationPlatforms) = preSolution
		Debug|Any CPU = Debug|Any CPU
		Release|Any CPU = Release|Any CPU
	EndGlobalSection
	GlobalSection(ProjectConfigurationPlatforms) = postSolution
		{598F193E-5CFC-400C-ABAD-047CFE99420A}.Debug|Any CPU.ActiveCfg = Debug|Any CPU
		{598F193E-5CFC-400C-ABAD-047CFE99420A}.Debug|Any CPU.Build.0 = Debug|Any CPU
		{598F193E-5CFC-400C-ABAD-047CFE99420A}.Release|Any CPU.ActiveCfg = Release|Any CPU
		{598F193E-5CFC-400C-ABAD-047CFE99420A}.Release|Any CPU.Build.0 = Release|Any CPU
		{7A30320F-0F80-4291-A427-83749D771BFD}.Debug|Any CPU.ActiveCfg = Debug|Any CPU
		{7A30320F-0F80-4291-A427-83749D771BFD}.Debug|Any CPU.Build.0 = Debug|Any CPU
		{7A30320F-0F80-4291-A427-83749D771BFD}.Release|Any CPU.ActiveCfg = Release|Any CPU
		{7A30320F-0F80-4291-A427-83749D771BFD}.Release|Any CPU.Build.0 = Release|Any CPU
	EndGlobalSection
	GlobalSection(SolutionProperties) = preSolution
		HideSolutionNode = FALSE
	EndGlobalSection
	GlobalSection(ExtensibilityGlobals) = postSolution
		SolutionGuid = {4B6971CD-6402-4E9F-AC99-3D5A29A9FC97}
	EndGlobalSection
EndGlobal
